// !$*UTF8*$!
{
	archiveVersion = 1;
	classes = {
	};
	objectVersion = 50;
	objects = {

/* Begin PBXBuildFile section */
		079844C126A01AFE00BCEA7F /* AppDelegate.m in Sources */ = {isa = PBXBuildFile; fileRef = 079844C026A01AFE00BCEA7F /* AppDelegate.m */; };
		079844C426A01AFE00BCEA7F /* SceneDelegate.m in Sources */ = {isa = PBXBuildFile; fileRef = 079844C326A01AFE00BCEA7F /* SceneDelegate.m */; };
		079844C726A01AFE00BCEA7F /* ViewController.m in Sources */ = {isa = PBXBuildFile; fileRef = 079844C626A01AFE00BCEA7F /* ViewController.m */; };
		079844CA26A01AFE00BCEA7F /* Main.storyboard in Resources */ = {isa = PBXBuildFile; fileRef = 079844C826A01AFE00BCEA7F /* Main.storyboard */; };
		079844CC26A01B0200BCEA7F /* Assets.xcassets in Resources */ = {isa = PBXBuildFile; fileRef = 079844CB26A01B0200BCEA7F /* Assets.xcassets */; };
		079844CF26A01B0200BCEA7F /* LaunchScreen.storyboard in Resources */ = {isa = PBXBuildFile; fileRef = 079844CD26A01B0200BCEA7F /* LaunchScreen.storyboard */; };
		079844D226A01B0200BCEA7F /* main.m in Sources */ = {isa = PBXBuildFile; fileRef = 079844D126A01B0200BCEA7F /* main.m */; };
/* End PBXBuildFile section */

/* Begin PBXFileReference section */
		079844BC26A01AFE00BCEA7F /* DailyRecord.app */ = {isa = PBXFileReference; explicitFileType = wrapper.application; includeInIndex = 0; path = DailyRecord.app; sourceTree = BUILT_PRODUCTS_DIR; };
		079844BF26A01AFE00BCEA7F /* AppDelegate.h */ = {isa = PBXFileReference; lastKnownFileType = sourcecode.c.h; path = AppDelegate.h; sourceTree = "<group>"; };
		079844C026A01AFE00BCEA7F /* AppDelegate.m */ = {isa = PBXFileReference; lastKnownFileType = sourcecode.c.objc; path = AppDelegate.m; sourceTree = "<group>"; };
		079844C226A01AFE00BCEA7F /* SceneDelegate.h */ = {isa = PBXFileReference; lastKnownFileType = sourcecode.c.h; path = SceneDelegate.h; sourceTree = "<group>"; };
		079844C326A01AFE00BCEA7F /* SceneDelegate.m */ = {isa = PBXFileReference; lastKnownFileType = sourcecode.c.objc; path = SceneDelegate.m; sourceTree = "<group>"; };
		079844C526A01AFE00BCEA7F /* ViewController.h */ = {isa = PBXFileReference; lastKnownFileType = sourcecode.c.h; path = ViewController.h; sourceTree = "<group>"; };
		079844C626A01AFE00BCEA7F /* ViewController.m */ = {isa = PBXFileReference; lastKnownFileType = sourcecode.c.objc; path = ViewController.m; sourceTree = "<group>"; };
		079844C926A01AFE00BCEA7F /* Base */ = {isa = PBXFileReference; lastKnownFileType = file.storyboard; name = Base; path = Base.lproj/Main.storyboard; sourceTree = "<group>"; };
		079844CB26A01B0200BCEA7F /* Assets.xcassets */ = {isa = PBXFileReference; lastKnownFileType = folder.assetcatalog; path = Assets.xcassets; sourceTree = "<group>"; };
		079844CE26A01B0200BCEA7F /* Base */ = {isa = PBXFileReference; lastKnownFileType = file.storyboard; name = Base; path = Base.lproj/LaunchScreen.storyboard; sourceTree = "<group>"; };
		079844D026A01B0200BCEA7F /* Info.plist */ = {isa = PBXFileReference; lastKnownFileType = text.plist.xml; path = Info.plist; sourceTree = "<group>"; };
		079844D126A01B0200BCEA7F /* main.m */ = {isa = PBXFileReference; lastKnownFileType = sourcecode.c.objc; path = main.m; sourceTree = "<group>"; };
/* End PBXFileReference section */

/* Begin PBXFrameworksBuildPhase section */
		079844B926A01AFE00BCEA7F /* Frameworks */ = {
			isa = PBXFrameworksBuildPhase;
			buildActionMask = 2147483647;
			files = (
			);
			runOnlyForDeploymentPostprocessing = 0;
		};
/* End PBXFrameworksBuildPhase section */

/* Begin PBXGroup section */
		079844B326A01AFE00BCEA7F = {
			isa = PBXGroup;
			children = (
				079844BE26A01AFE00BCEA7F /* DailyRecord */,
				079844BD26A01AFE00BCEA7F /* Products */,
			);
			sourceTree = "<group>";
		};
		079844BD26A01AFE00BCEA7F /* Products */ = {
			isa = PBXGroup;
			children = (
				079844BC26A01AFE00BCEA7F /* DailyRecord.app */,
			);
			name = Products;
			sourceTree = "<group>";
		};
		079844BE26A01AFE00BCEA7F /* DailyRecord */ = {
			isa = PBXGroup;
			children = (
				079844BF26A01AFE00BCEA7F /* AppDelegate.h */,
				079844C026A01AFE00BCEA7F /* AppDelegate.m */,
				079844C226A01AFE00BCEA7F /* SceneDelegate.h */,
				079844C326A01AFE00BCEA7F /* SceneDelegate.m */,
				079844C526A01AFE00BCEA7F /* ViewController.h */,
				079844C626A01AFE00BCEA7F /* ViewController.m */,
				079844C826A01AFE00BCEA7F /* Main.storyboard */,
				079844CB26A01B0200BCEA7F /* Assets.xcassets */,
				079844CD26A01B0200BCEA7F /* LaunchScreen.storyboard */,
				079844D026A01B0200BCEA7F /* Info.plist */,
				079844D126A01B0200BCEA7F /* main.m */,
			);
			path = DailyRecord;
			sourceTree = "<group>";
		};
/* End PBXGroup section */

/* Begin PBXNativeTarget section */
		079844BB26A01AFE00BCEA7F /* DailyRecord */ = {
			isa = PBXNativeTarget;
			buildConfigurationList = 079844D526A01B0200BCEA7F /* Build configuration list for PBXNativeTarget "DailyRecord" */;
			buildPhases = (
				079844B826A01AFE00BCEA7F /* Sources */,
				079844B926A01AFE00BCEA7F /* Frameworks */,
				079844BA26A01AFE00BCEA7F /* Resources */,
			);
			buildRules = (
			);
			dependencies = (
			);
			name = DailyRecord;
			productName = DailyRecord;
			productReference = 079844BC26A01AFE00BCEA7F /* DailyRecord.app */;
			productType = "com.apple.product-type.application";
		};
/* End PBXNativeTarget section */

/* Begin PBXProject section */
		079844B426A01AFE00BCEA7F /* Project object */ = {
			isa = PBXProject;
			attributes = {
				LastUpgradeCheck = 1230;
				TargetAttributes = {
					079844BB26A01AFE00BCEA7F = {
						CreatedOnToolsVersion = 12.3;
					};
				};
			};
			buildConfigurationList = 079844B726A01AFE00BCEA7F /* Build configuration list for PBXProject "DailyRecord" */;
			compatibilityVersion = "Xcode 9.3";
			developmentRegion = en;
			hasScannedForEncodings = 0;
			knownRegions = (
				en,
				Base,
			);
			mainGroup = 079844B326A01AFE00BCEA7F;
			productRefGroup = 079844BD26A01AFE00BCEA7F /* Products */;
			projectDirPath = "";
			projectRoot = "";
			targets = (
				079844BB26A01AFE00BCEA7F /* DailyRecord */,
			);
		};
/* End PBXProject section */

/* Begin PBXResourcesBuildPhase section */
		079844BA26A01AFE00BCEA7F /* Resources */ = {
			isa = PBXResourcesBuildPhase;
			buildActionMask = 2147483647;
			files = (
				079844CF26A01B0200BCEA7F /* LaunchScreen.storyboard in Resources */,
				079844CC26A01B0200BCEA7F /* Assets.xcassets in Resources */,
				079844CA26A01AFE00BCEA7F /* Main.storyboard in Resources */,
			);
			runOnlyForDeploymentPostprocessing = 0;
		};
/* End PBXResourcesBuildPhase section */

/* Begin PBXSourcesBuildPhase section */
		079844B826A01AFE00BCEA7F /* Sources */ = {
			isa = PBXSourcesBuildPhase;
			buildActionMask = 2147483647;
			files = (
				079844C726A01AFE00BCEA7F /* ViewController.m in Sources */,
				079844C126A01AFE00BCEA7F /* AppDelegate.m in Sources */,
				079844D226A01B0200BCEA7F /* main.m in Sources */,
				079844C426A01AFE00BCEA7F /* SceneDelegate.m in Sources */,
			);
			runOnlyForDeploymentPostprocessing = 0;
		};
/* End PBXSourcesBuildPhase section */

/* Begin PBXVariantGroup section */
		079844C826A01AFE00BCEA7F /* Main.storyboard */ = {
			isa = PBXVariantGroup;
			children = (
				079844C926A01AFE00BCEA7F /* Base */,
			);
			name = Main.storyboard;
			sourceTree = "<group>";
		};
		079844CD26A01B0200BCEA7F /* LaunchScreen.storyboard */ = {
			isa = PBXVariantGroup;
			children = (
				079844CE26A01B0200BCEA7F /* Base */,
			);
			name = LaunchScreen.storyboard;
			sourceTree = "<group>";
		};
/* End PBXVariantGroup section */

/* Begin XCBuildConfiguration section */
		079844D326A01B0200BCEA7F /* Debug */ = {
			isa = XCBuildConfiguration;
			buildSettings = {
				ALWAYS_SEARCH_USER_PATHS = NO;
				CLANG_ANALYZER_NONNULL = YES;
				CLANG_ANALYZER_NUMBER_OBJECT_CONVERSION = YES_AGGRESSIVE;
				CLANG_CXX_LANGUAGE_STANDARD = "gnu++14";
				CLANG_CXX_LIBRARY = "libc++";
				CLANG_ENABLE_MODULES = YES;
				CLANG_ENABLE_OBJC_ARC = YES;
				CLANG_ENABLE_OBJC_WEAK = YES;
				CLANG_WARN_BLOCK_CAPTURE_AUTORELEASING = YES;
				CLANG_WARN_BOOL_CONVERSION = YES;
				CLANG_WARN_COMMA = YES;
				CLANG_WARN_CONSTANT_CONVERSION = YES;
				CLANG_WARN_DEPRECATED_OBJC_IMPLEMENTATIONS = YES;
				CLANG_WARN_DIRECT_OBJC_ISA_USAGE = YES_ERROR;
				CLANG_WARN_DOCUMENTATION_COMMENTS = YES;
				CLANG_WARN_EMPTY_BODY = YES;
				CLANG_WARN_ENUM_CONVERSION = YES;
				CLANG_WARN_INFINITE_RECURSION = YES;
				CLANG_WARN_INT_CONVERSION = YES;
				CLANG_WARN_NON_LITERAL_NULL_CONVERSION = YES;
				CLANG_WARN_OBJC_IMPLICIT_RETAIN_SELF = YES;
				CLANG_WARN_OBJC_LITERAL_CONVERSION = YES;
				CLANG_WARN_OBJC_ROOT_CLASS = YES_ERROR;
				CLANG_WARN_QUOTED_INCLUDE_IN_FRAMEWORK_HEADER = YES;
				CLANG_WARN_RANGE_LOOP_ANALYSIS = YES;
				CLANG_WARN_STRICT_PROTOTYPES = YES;
				CLANG_WARN_SUSPICIOUS_MOVE = YES;
				CLANG_WARN_UNGUARDED_AVAILABILITY = YES_AGGRESSIVE;
				CLANG_WARN_UNREACHABLE_CODE = YES;
				CLANG_WARN__DUPLICATE_METHOD_MATCH = YES;
				COPY_PHASE_STRIP = NO;
				DEBUG_INFORMATION_FORMAT = dwarf;
				ENABLE_STRICT_OBJC_MSGSEND = YES;
				ENABLE_TESTABILITY = YES;
				GCC_C_LANGUAGE_STANDARD = gnu11;
				GCC_DYNAMIC_NO_PIC = NO;
				GCC_NO_COMMON_BLOCKS = YES;
				GCC_OPTIMIZATION_LEVEL = 0;
				GCC_PREPROCESSOR_DEFINITIONS = (
					"DEBUG=1",
					"$(inherited)",
				);
				GCC_WARN_64_TO_32_BIT_CONVERSION = YES;
				GCC_WARN_ABOUT_RETURN_TYPE = YES_ERROR;
				GCC_WARN_UNDECLARED_SELECTOR = YES;
				GCC_WARN_UNINITIALIZED_AUTOS = YES_AGGRESSIVE;
				GCC_WARN_UNUSED_FUNCTION = YES;
				GCC_WARN_UNUSED_VARIABLE = YES;
				IPHONEOS_DEPLOYMENT_TARGET = 14.3;
				MTL_ENABLE_DEBUG_INFO = INCLUDE_SOURCE;
				MTL_FAST_MATH = YES;
				ONLY_ACTIVE_ARCH = YES;
				SDKROOT = iphoneos;
			};
			name = Debug;
		};
		079844D426A01B0200BCEA7F /* Release */ = {
			isa = XCBuildConfiguration;
			buildSettings = {
				ALWAYS_SEARCH_USER_PATHS = NO;
				CLANG_ANALYZER_NONNULL = YES;
				CLANG_ANALYZER_NUMBER_OBJECT_CONVERSION = YES_AGGRESSIVE;
				CLANG_CXX_LANGUAGE_STANDARD = "gnu++14";
				CLANG_CXX_LIBRARY = "libc++";
				CLANG_ENABLE_MODULES = YES;
				CLANG_ENABLE_OBJC_ARC = YES;
				CLANG_ENABLE_OBJC_WEAK = YES;
				CLANG_WARN_BLOCK_CAPTURE_AUTORELEASING = YES;
				CLANG_WARN_BOOL_CONVERSION = YES;
				CLANG_WARN_COMMA = YES;
				CLANG_WARN_CONSTANT_CONVERSION = YES;
				CLANG_WARN_DEPRECATED_OBJC_IMPLEMENTATIONS = YES;
				CLANG_WARN_DIRECT_OBJC_ISA_USAGE = YES_ERROR;
				CLANG_WARN_DOCUMENTATION_COMMENTS = YES;
				CLANG_WARN_EMPTY_BODY = YES;
				CLANG_WARN_ENUM_CONVERSION = YES;
				CLANG_WARN_INFINITE_RECURSION = YES;
				CLANG_WARN_INT_CONVERSION = YES;
				CLANG_WARN_NON_LITERAL_NULL_CONVERSION = YES;
				CLANG_WARN_OBJC_IMPLICIT_RETAIN_SELF = YES;
				CLANG_WARN_OBJC_LITERAL_CONVERSION = YES;
				CLANG_WARN_OBJC_ROOT_CLASS = YES_ERROR;
				CLANG_WARN_QUOTED_INCLUDE_IN_FRAMEWORK_HEADER = YES;
				CLANG_WARN_RANGE_LOOP_ANALYSIS = YES;
				CLANG_WARN_STRICT_PROTOTYPES = YES;
				CLANG_WARN_SUSPICIOUS_MOVE = YES;
				CLANG_WARN_UNGUARDED_AVAILABILITY = YES_AGGRESSIVE;
				CLANG_WARN_UNREACHABLE_CODE = YES;
				CLANG_WARN__DUPLICATE_METHOD_MATCH = YES;
				COPY_PHASE_STRIP = NO;
				DEBUG_INFORMATION_FORMAT = "dwarf-with-dsym";
				ENABLE_NS_ASSERTIONS = NO;
				ENABLE_STRICT_OBJC_MSGSEND = YES;
				GCC_C_LANGUAGE_STANDARD = gnu11;
				GCC_NO_COMMON_BLOCKS = YES;
				GCC_WARN_64_TO_32_BIT_CONVERSION = YES;
				GCC_WARN_ABOUT_RETURN_TYPE = YES_ERROR;
				GCC_WARN_UNDECLARED_SELECTOR = YES;
				GCC_WARN_UNINITIALIZED_AUTOS = YES_AGGRESSIVE;
				GCC_WARN_UNUSED_FUNCTION = YES;
				GCC_WARN_UNUSED_VARIABLE = YES;
				IPHONEOS_DEPLOYMENT_TARGET = 14.3;
				MTL_ENABLE_DEBUG_INFO = NO;
				MTL_FAST_MATH = YES;
				SDKROOT = iphoneos;
				VALIDATE_PRODUCT = YES;
			};
			name = Release;
		};
		079844D626A01B0200BCEA7F /* Debug */ = {
			isa = XCBuildConfiguration;
			buildSettings = {
				ASSETCATALOG_COMPILER_APPICON_NAME = AppIcon;
				ASSETCATALOG_COMPILER_GLOBAL_ACCENT_COLOR_NAME = AccentColor;
				CODE_SIGN_STYLE = Automatic;
				DEVELOPMENT_TEAM = L7MQQ9MJWY;
				INFOPLIST_FILE = DailyRecord/Info.plist;
				LD_RUNPATH_SEARCH_PATHS = (
					"$(inherited)",
					"@executable_path/Frameworks",
				);
				PRODUCT_BUNDLE_IDENTIFIER = com.zas.dev.dailyRecord.DailyRecord;
				PRODUCT_NAME = "$(TARGET_NAME)";
				TARGETED_DEVICE_FAMILY = "1,2";
			};
			name = Debug;
		};
		079844D726A01B0200BCEA7F /* Release */ = {
			isa = XCBuildConfiguration;
			buildSettings = {
				ASSETCATALOG_COMPILER_APPICON_NAME = AppIcon;
				ASSETCATALOG_COMPILER_GLOBAL_ACCENT_COLOR_NAME = AccentColor;
				CODE_SIGN_STYLE = Automatic;
				DEVELOPMENT_TEAM = L7MQQ9MJWY;
				INFOPLIST_FILE = DailyRecord/Info.plist;
				LD_RUNPATH_SEARCH_PATHS = (
					"$(inherited)",
					"@executable_path/Frameworks",
				);
				PRODUCT_BUNDLE_IDENTIFIER = com.zas.dev.dailyRecord.DailyRecord;
				PRODUCT_NAME = "$(TARGET_NAME)";
				TARGETED_DEVICE_FAMILY = "1,2";
			};
			name = Release;
		};
/* End XCBuildConfiguration section */

/* Begin XCConfigurationList section */
		079844B726A01AFE00BCEA7F /* Build configuration list for PBXProject "DailyRecord" */ = {
			isa = XCConfigurationList;
			buildConfigurations = (
				079844D326A01B0200BCEA7F /* Debug */,
				079844D426A01B0200BCEA7F /* Release */,
			);
			defaultConfigurationIsVisible = 0;
			defaultConfigurationName = Release;
		};
		079844D526A01B0200BCEA7F /* Build configuration list for PBXNativeTarget "DailyRecord" */ = {
			isa = XCConfigurationList;
			buildConfigurations = (
				079844D626A01B0200BCEA7F /* Debug */,
				079844D726A01B0200BCEA7F /* Release */,
			);
			defaultConfigurationIsVisible = 0;
			defaultConfigurationName = Release;
		};
/* End XCConfigurationList section */
	};
	rootObject = 079844B426A01AFE00BCEA7F /* Project object */;
}
